
Microsoft Visual Studio Solution File, Format Version 12.00
# Visual Studio Version 16
VisualStudioVersion = 16.0.31129.286
MinimumVisualStudioVersion = 10.0.40219.1
Project("{888888A0-9F3D-457C-B088-3A5042F75D52}") = "remesh", "remesh.pyproj", "{A208F516-E7C3-4E83-ACA7-83BC350FB35B}"
EndProject
Global
	GlobalSection(SolutionConfigurationPlatforms) = preSolution
		Debug|Any CPU = Debug|Any CPU
		Release|Any CPU = Release|Any CPU
	EndGlobalSection
	GlobalSection(ProjectConfigurationPlatforms) = postSolution
		{A208F516-E7C3-4E83-ACA7-83BC350FB35B}.Debug|Any CPU.ActiveCfg = Debug|Any CPU
		{A208F516-E7C3-4E83-ACA7-83BC350FB35B}.Release|Any CPU.ActiveCfg = Release|Any CPU
	EndGlobalSection
	GlobalSection(SolutionProperties) = preSolution
		HideSolutionNode = FALSE
	EndGlobalSection
	GlobalSection(ExtensibilityGlobals) = postSolution
		SolutionGuid = {14928006-EAC0-4F28-8C0E-27EBFE29323F}
	EndGlobalSection
EndGlobal
